
Microsoft Visual Studio Solution File, Format Version 12.00
# Visual Studio Version 16
VisualStudioVersion = 25.0.1706.14
MinimumVisualStudioVersion = 10.0.40219.1
Project("{FAE04EC0-301F-11D3-BF4B-00C04F79EFBC}") = "7th September task", "7th September task\7th September task.csproj", "{C308AF8F-B55D-4AC3-87A8-3F83FB4470F9}"
EndProject
Global
	GlobalSection(SolutionConfigurationPlatforms) = preSolution
		Debug|Any CPU = Debug|Any CPU
		Release|Any CPU = Release|Any CPU
	EndGlobalSection
	GlobalSection(ProjectConfigurationPlatforms) = postSolution
		{C308AF8F-B55D-4AC3-87A8-3F83FB4470F9}.Debug|Any CPU.ActiveCfg = Debug|Any CPU
		{C308AF8F-B55D-4AC3-87A8-3F83FB4470F9}.Debug|Any CPU.Build.0 = Debug|Any CPU
		{C308AF8F-B55D-4AC3-87A8-3F83FB4470F9}.Release|Any CPU.ActiveCfg = Release|Any CPU
		{C308AF8F-B55D-4AC3-87A8-3F83FB4470F9}.Release|Any CPU.Build.0 = Release|Any CPU
	EndGlobalSection
	GlobalSection(SolutionProperties) = preSolution
		HideSolutionNode = FALSE
	EndGlobalSection
	GlobalSection(ExtensibilityGlobals) = postSolution
		SolutionGuid = {FEF2AA3E-DBB9-4654-B2A6-766BF63BA493}
	EndGlobalSection
EndGlobal
